{
  "name": "use-cases",
  "lockfileVersion": 3,
  "requires": true,
  "packages": {
    "": {
      "dependencies": {
        "file-system-db": "^2.1.0"
      }
    },
    "node_modules/file-system-db": {
      "version": "2.1.0",
      "resolved": "https://registry.npmjs.org/file-system-db/-/file-system-db-2.1.0.tgz",
      "integrity": "sha512-s4lqQJQhizUsR+IHnR+vQiJb4g+fir1Fs4dBARGZdukBTM6ver0bR7tg8HMeuOk5EIfXnHAI26qfHmo+Y80FZA==",
      "funding": {
        "type": "buymecoffee",
        "url": "https://www.buymeacoffee.com/willtda"
      }
    }
  }
}
